PODS:
  - Flutter (1.0.0)
  - flutter_white_button (0.0.1):
    - Flutter

DEPENDENCIES:
  - Flutter (from `Flutter`)
  - flutter_white_button (from `.symlinks/plugins/flutter_white_button/ios`)

EXTERNAL SOURCES:
  Flutter:
    :path: Flutter
  flutter_white_button:
    :path: ".symlinks/plugins/flutter_white_button/ios"

SPEC CHECKSUMS:
  Flutter: 50d75fe2f02b26cc09d224853bb45737f8b3214a
  flutter_white_button: 6d0e24720d1305c08b4414c2cd7e2764edb2cfbc

PODFILE CHECKSUM: aafe91acc616949ddb318b77800a7f51bffa2a4c

COCOAPODS: 1.11.2
